
Microsoft Visual Studio Solution File, Format Version 12.00
# Visual Studio 15
VisualStudioVersion = 15.0.27130.2024
MinimumVisualStudioVersion = 10.0.40219.1
Project("{8BC9CEB8-8B4A-11D0-8D11-00A0C91BC942}") = "Raycaster", "Raycaster\Raycaster.vcxproj", "{114C4DB5-7164-425B-9EC2-22B74E9C2BEE}"
EndProject
Global
	GlobalSection(SolutionConfigurationPlatforms) = preSolution
		Debug|x64 = Debug|x64
		Debug|x86 = Debug|x86
		Release|x64 = Release|x64
		Release|x86 = Release|x86
	EndGlobalSection
	GlobalSection(ProjectConfigurationPlatforms) = postSolution
		{114C4DB5-7164-425B-9EC2-22B74E9C2BEE}.Debug|x64.ActiveCfg = Debug|x64
		{114C4DB5-7164-425B-9EC2-22B74E9C2BEE}.Debug|x64.Build.0 = Debug|x64
		{114C4DB5-7164-425B-9EC2-22B74E9C2BEE}.Debug|x86.ActiveCfg = Debug|Win32
		{114C4DB5-7164-425B-9EC2-22B74E9C2BEE}.Debug|x86.Build.0 = Debug|Win32
		{114C4DB5-7164-425B-9EC2-22B74E9C2BEE}.Release|x64.ActiveCfg = Release|x64
		{114C4DB5-7164-425B-9EC2-22B74E9C2BEE}.Release|x64.Build.0 = Release|x64
		{114C4DB5-7164-425B-9EC2-22B74E9C2BEE}.Release|x86.ActiveCfg = Release|Win32
		{114C4DB5-7164-425B-9EC2-22B74E9C2BEE}.Release|x86.Build.0 = Release|Win32
	EndGlobalSection
	GlobalSection(SolutionProperties) = preSolution
		HideSolutionNode = FALSE
	EndGlobalSection
	GlobalSection(ExtensibilityGlobals) = postSolution
		SolutionGuid = {B3CF05C7-21E2-40DC-9205-6261CC96AF51}
	EndGlobalSection
EndGlobal
